
Microsoft Visual Studio Solution File, Format Version 12.00
# Visual Studio 15
VisualStudioVersion = 15.0.26403.7
MinimumVisualStudioVersion = 10.0.40219.1
Project("{FAE04EC0-301F-11D3-BF4B-00C04F79EFBC}") = "Mars.WebApi", "Mars.WebApi\Mars.WebApi.csproj", "{DA2308BE-E1B9-4AA1-AD24-E54DA8B3255A}"
	ProjectSection(ProjectDependencies) = postProject
		{49FF9E44-345D-4FF1-A49B-199EE7B3082D} = {49FF9E44-345D-4FF1-A49B-199EE7B3082D}
		{1BFDFB85-F7F8-4C24-B298-3F397959DC17} = {1BFDFB85-F7F8-4C24-B298-3F397959DC17}
		{401667CA-8578-4939-8199-98848183BDC5} = {401667CA-8578-4939-8199-98848183BDC5}
	EndProjectSection
EndProject
Project("{FAE04EC0-301F-11D3-BF4B-00C04F79EFBC}") = "Mars.Entities", "Mars.Entities\Mars.Entities.csproj", "{401667CA-8578-4939-8199-98848183BDC5}"
EndProject
Project("{FAE04EC0-301F-11D3-BF4B-00C04F79EFBC}") = "Mars.Repository.EFCodeFirst", "Mars.Repository.EFCodeFirst\Mars.Repository.EFCodeFirst.csproj", "{B3DCC170-B01F-44D7-9CF4-892B498DB7F1}"
	ProjectSection(ProjectDependencies) = postProject
		{1A88E441-D0B5-4F15-B3F5-41A7677D2FC8} = {1A88E441-D0B5-4F15-B3F5-41A7677D2FC8}
		{401667CA-8578-4939-8199-98848183BDC5} = {401667CA-8578-4939-8199-98848183BDC5}
	EndProjectSection
EndProject
Project("{FAE04EC0-301F-11D3-BF4B-00C04F79EFBC}") = "Mars.Services.Interfaces", "Mars.Services.Interfaces\Mars.Services.Interfaces.csproj", "{49FF9E44-345D-4FF1-A49B-199EE7B3082D}"
EndProject
Project("{FAE04EC0-301F-11D3-BF4B-00C04F79EFBC}") = "Mars.Services", "Mars.Services\Mars.Services.csproj", "{D756EAC3-E1E8-4FB3-B912-3739C9AC2129}"
	ProjectSection(ProjectDependencies) = postProject
		{49FF9E44-345D-4FF1-A49B-199EE7B3082D} = {49FF9E44-345D-4FF1-A49B-199EE7B3082D}
		{401667CA-8578-4939-8199-98848183BDC5} = {401667CA-8578-4939-8199-98848183BDC5}
	EndProjectSection
EndProject
Project("{FAE04EC0-301F-11D3-BF4B-00C04F79EFBC}") = "Mars.Core.IOC", "Mars.Core.IOC\Mars.Core.IOC.csproj", "{1BFDFB85-F7F8-4C24-B298-3F397959DC17}"
	ProjectSection(ProjectDependencies) = postProject
		{1A88E441-D0B5-4F15-B3F5-41A7677D2FC8} = {1A88E441-D0B5-4F15-B3F5-41A7677D2FC8}
		{49FF9E44-345D-4FF1-A49B-199EE7B3082D} = {49FF9E44-345D-4FF1-A49B-199EE7B3082D}
		{B3DCC170-B01F-44D7-9CF4-892B498DB7F1} = {B3DCC170-B01F-44D7-9CF4-892B498DB7F1}
		{D756EAC3-E1E8-4FB3-B912-3739C9AC2129} = {D756EAC3-E1E8-4FB3-B912-3739C9AC2129}
		{401667CA-8578-4939-8199-98848183BDC5} = {401667CA-8578-4939-8199-98848183BDC5}
	EndProjectSection
EndProject
Project("{FAE04EC0-301F-11D3-BF4B-00C04F79EFBC}") = "Mars.Common", "Mars.Common\Mars.Common.csproj", "{B46F4D69-B76B-4C0B-85D5-393E3D62ACC5}"
EndProject
Project("{FAE04EC0-301F-11D3-BF4B-00C04F79EFBC}") = "Mars.Repository.Interfaces", "Mars.Repository.Interfaces\Mars.Repository.Interfaces.csproj", "{1A88E441-D0B5-4F15-B3F5-41A7677D2FC8}"
EndProject
Global
	GlobalSection(SolutionConfigurationPlatforms) = preSolution
		Debug|Any CPU = Debug|Any CPU
		Release|Any CPU = Release|Any CPU
	EndGlobalSection
	GlobalSection(ProjectConfigurationPlatforms) = postSolution
		{DA2308BE-E1B9-4AA1-AD24-E54DA8B3255A}.Debug|Any CPU.ActiveCfg = Debug|Any CPU
		{DA2308BE-E1B9-4AA1-AD24-E54DA8B3255A}.Debug|Any CPU.Build.0 = Debug|Any CPU
		{DA2308BE-E1B9-4AA1-AD24-E54DA8B3255A}.Release|Any CPU.ActiveCfg = Release|Any CPU
		{DA2308BE-E1B9-4AA1-AD24-E54DA8B3255A}.Release|Any CPU.Build.0 = Release|Any CPU
		{401667CA-8578-4939-8199-98848183BDC5}.Debug|Any CPU.ActiveCfg = Debug|Any CPU
		{401667CA-8578-4939-8199-98848183BDC5}.Debug|Any CPU.Build.0 = Debug|Any CPU
		{401667CA-8578-4939-8199-98848183BDC5}.Release|Any CPU.ActiveCfg = Release|Any CPU
		{401667CA-8578-4939-8199-98848183BDC5}.Release|Any CPU.Build.0 = Release|Any CPU
		{B3DCC170-B01F-44D7-9CF4-892B498DB7F1}.Debug|Any CPU.ActiveCfg = Debug|Any CPU
		{B3DCC170-B01F-44D7-9CF4-892B498DB7F1}.Debug|Any CPU.Build.0 = Debug|Any CPU
		{B3DCC170-B01F-44D7-9CF4-892B498DB7F1}.Release|Any CPU.ActiveCfg = Release|Any CPU
		{B3DCC170-B01F-44D7-9CF4-892B498DB7F1}.Release|Any CPU.Build.0 = Release|Any CPU
		{49FF9E44-345D-4FF1-A49B-199EE7B3082D}.Debug|Any CPU.ActiveCfg = Debug|Any CPU
		{49FF9E44-345D-4FF1-A49B-199EE7B3082D}.Debug|Any CPU.Build.0 = Debug|Any CPU
		{49FF9E44-345D-4FF1-A49B-199EE7B3082D}.Release|Any CPU.ActiveCfg = Release|Any CPU
		{49FF9E44-345D-4FF1-A49B-199EE7B3082D}.Release|Any CPU.Build.0 = Release|Any CPU
		{D756EAC3-E1E8-4FB3-B912-3739C9AC2129}.Debug|Any CPU.ActiveCfg = Debug|Any CPU
		{D756EAC3-E1E8-4FB3-B912-3739C9AC2129}.Debug|Any CPU.Build.0 = Debug|Any CPU
		{D756EAC3-E1E8-4FB3-B912-3739C9AC2129}.Release|Any CPU.ActiveCfg = Release|Any CPU
		{D756EAC3-E1E8-4FB3-B912-3739C9AC2129}.Release|Any CPU.Build.0 = Release|Any CPU
		{1BFDFB85-F7F8-4C24-B298-3F397959DC17}.Debug|Any CPU.ActiveCfg = Debug|Any CPU
		{1BFDFB85-F7F8-4C24-B298-3F397959DC17}.Debug|Any CPU.Build.0 = Debug|Any CPU
		{1BFDFB85-F7F8-4C24-B298-3F397959DC17}.Release|Any CPU.ActiveCfg = Release|Any CPU
		{1BFDFB85-F7F8-4C24-B298-3F397959DC17}.Release|Any CPU.Build.0 = Release|Any CPU
		{B46F4D69-B76B-4C0B-85D5-393E3D62ACC5}.Debug|Any CPU.ActiveCfg = Debug|Any CPU
		{B46F4D69-B76B-4C0B-85D5-393E3D62ACC5}.Debug|Any CPU.Build.0 = Debug|Any CPU
		{B46F4D69-B76B-4C0B-85D5-393E3D62ACC5}.Release|Any CPU.ActiveCfg = Release|Any CPU
		{B46F4D69-B76B-4C0B-85D5-393E3D62ACC5}.Release|Any CPU.Build.0 = Release|Any CPU
		{1A88E441-D0B5-4F15-B3F5-41A7677D2FC8}.Debug|Any CPU.ActiveCfg = Debug|Any CPU
		{1A88E441-D0B5-4F15-B3F5-41A7677D2FC8}.Debug|Any CPU.Build.0 = Debug|Any CPU
		{1A88E441-D0B5-4F15-B3F5-41A7677D2FC8}.Release|Any CPU.ActiveCfg = Release|Any CPU
		{1A88E441-D0B5-4F15-B3F5-41A7677D2FC8}.Release|Any CPU.Build.0 = Release|Any CPU
	EndGlobalSection
	GlobalSection(SolutionProperties) = preSolution
		HideSolutionNode = FALSE
	EndGlobalSection
EndGlobal
